// !$*UTF8*$!
{
	archiveVersion = 1;
	classes = {
	};
	objectVersion = 46;
	objects = {

/* Begin PBXBuildFile section */
		8537FB9F1C0D402C009C549A /* main.m in Sources */ = {isa = PBXBuildFile; fileRef = 8537FB9E1C0D402C009C549A /* main.m */; };
		8537FBA21C0D402C009C549A /* AppDelegate.m in Sources */ = {isa = PBXBuildFile; fileRef = 8537FBA11C0D402C009C549A /* AppDelegate.m */; };
		8537FBA51C0D402C009C549A /* ViewController.m in Sources */ = {isa = PBXBuildFile; fileRef = 8537FBA41C0D402C009C549A /* ViewController.m */; };
		8537FBA81C0D402C009C549A /* Main.storyboard in Resources */ = {isa = PBXBuildFile; fileRef = 8537FBA61C0D402C009C549A /* Main.storyboard */; };
		8537FBAA1C0D402C009C549A /* Assets.xcassets in Resources */ = {isa = PBXBuildFile; fileRef = 8537FBA91C0D402C009C549A /* Assets.xcassets */; };
		8537FBAD1C0D402C009C549A /* LaunchScreen.storyboard in Resources */ = {isa = PBXBuildFile; fileRef = 8537FBAB1C0D402C009C549A /* LaunchScreen.storyboard */; };
/* End PBXBuildFile section */

/* Begin PBXFileReference section */
		8537FB9A1C0D402C009C549A /* TEST.app */ = {isa = PBXFileReference; explicitFileType = wrapper.application; includeInIndex = 0; path = TEST.app; sourceTree = BUILT_PRODUCTS_DIR; };
		8537FB9E1C0D402C009C549A /* main.m */ = {isa = PBXFileReference; lastKnownFileType = sourcecode.c.objc; path = main.m; sourceTree = "<group>"; };
		8537FBA01C0D402C009C549A /* AppDelegate.h */ = {isa = PBXFileReference; lastKnownFileType = sourcecode.c.h; path = AppDelegate.h; sourceTree = "<group>"; };
		8537FBA11C0D402C009C549A /* AppDelegate.m */ = {isa = PBXFileReference; lastKnownFileType = sourcecode.c.objc; path = AppDelegate.m; sourceTree = "<group>"; };
		8537FBA31C0D402C009C549A /* ViewController.h */ = {isa = PBXFileReference; lastKnownFileType = sourcecode.c.h; path = ViewController.h; sourceTree = "<group>"; };
		8537FBA41C0D402C009C549A /* ViewController.m */ = {isa = PBXFileReference; lastKnownFileType = sourcecode.c.objc; path = ViewController.m; sourceTree = "<group>"; };
		8537FBA71C0D402C009C549A /* Base */ = {isa = PBXFileReference; lastKnownFileType = file.storyboard; name = Base; path = Base.lproj/Main.storyboard; sourceTree = "<group>"; };
		8537FBA91C0D402C009C549A /* Assets.xcassets */ = {isa = PBXFileReference; lastKnownFileType = folder.assetcatalog; path = Assets.xcassets; sourceTree = "<group>"; };
		8537FBAC1C0D402C009C549A /* Base */ = {isa = PBXFileReference; lastKnownFileType = file.storyboard; name = Base; path = Base.lproj/LaunchScreen.storyboard; sourceTree = "<group>"; };
		8537FBAE1C0D402C009C549A /* Info.plist */ = {isa = PBXFileReference; lastKnownFileType = text.plist.xml; path = Info.plist; sourceTree = "<group>"; };
/* End PBXFileReference section */

/* Begin PBXFrameworksBuildPhase section */
		8537FB971C0D402C009C549A /* Frameworks */ = {
			isa = PBXFrameworksBuildPhase;
			buildActionMask = 2147483647;
			files = (
			);
			runOnlyForDeploymentPostprocessing = 0;
		};
/* End PBXFrameworksBuildPhase section */

/* Begin PBXGroup section */
		8537FB911C0D402C009C549A = {
			isa = PBXGroup;
			children = (
				8537FB9C1C0D402C009C549A /* TEST */,
				8537FB9B1C0D402C009C549A /* Products */,
			);
			sourceTree = "<group>";
		};
		8537FB9B1C0D402C009C549A /* Products */ = {
			isa = PBXGroup;
			children = (
				8537FB9A1C0D402C009C549A /* TEST.app */,
			);
			name = Products;
			sourceTree = "<group>";
		};
		8537FB9C1C0D402C009C549A /* TEST */ = {
			isa = PBXGroup;
			children = (
				8537FBA01C0D402C009C549A /* AppDelegate.h */,
				8537FBA11C0D402C009C549A /* AppDelegate.m */,
				8537FBA31C0D402C009C549A /* ViewController.h */,
				8537FBA41C0D402C009C549A /* ViewController.m */,
				8537FBA61C0D402C009C549A /* Main.storyboard */,
				8537FBA91C0D402C009C549A /* Assets.xcassets */,
				8537FBAB1C0D402C009C549A /* LaunchScreen.storyboard */,
				8537FBAE1C0D402C009C549A /* Info.plist */,
				8537FB9D1C0D402C009C549A /* Supporting Files */,
			);
			path = TEST;
			sourceTree = "<group>";
		};
		8537FB9D1C0D402C009C549A /* Supporting Files */ = {
			isa = PBXGroup;
			children = (
				8537FB9E1C0D402C009C549A /* main.m */,
			);
			name = "Supporting Files";
			sourceTree = "<group>";
		};
/* End PBXGroup section */

/* Begin PBXNativeTarget section */
		8537FB991C0D402C009C549A /* TEST */ = {
			isa = PBXNativeTarget;
			buildConfigurationList = 8537FBB11C0D402C009C549A /* Build configuration list for PBXNativeTarget "TEST" */;
			buildPhases = (
				8537FB961C0D402C009C549A /* Sources */,
				8537FB971C0D402C009C549A /* Frameworks */,
				8537FB981C0D402C009C549A /* Resources */,
			);
			buildRules = (
			);
			dependencies = (
			);
			name = TEST;
			productName = TEST;
			productReference = 8537FB9A1C0D402C009C549A /* TEST.app */;
			productType = "com.apple.product-type.application";
		};
/* End PBXNativeTarget section */

/* Begin PBXProject section */
		8537FB921C0D402C009C549A /* Project object */ = {
			isa = PBXProject;
			attributes = {
				LastUpgradeCheck = 0710;
				ORGANIZATIONNAME = Tarena;
				TargetAttributes = {
					8537FB991C0D402C009C549A = {
						CreatedOnToolsVersion = 7.1;
					};
				};
			};
			buildConfigurationList = 8537FB951C0D402C009C549A /* Build configuration list for PBXProject "TEST" */;
			compatibilityVersion = "Xcode 3.2";
			developmentRegion = English;
			hasScannedForEncodings = 0;
			knownRegions = (
				en,
				Base,
			);
			mainGroup = 8537FB911C0D402C009C549A;
			productRefGroup = 8537FB9B1C0D402C009C549A /* Products */;
			projectDirPath = "";
			projectRoot = "";
			targets = (
				8537FB991C0D402C009C549A /* TEST */,
			);
		};
/* End PBXProject section */

/* Begin PBXResourcesBuildPhase section */
		8537FB981C0D402C009C549A /* Resources */ = {
			isa = PBXResourcesBuildPhase;
			buildActionMask = 2147483647;
			files = (
				8537FBAD1C0D402C009C549A /* LaunchScreen.storyboard in Resources */,
				8537FBAA1C0D402C009C549A /* Assets.xcassets in Resources */,
				8537FBA81C0D402C009C549A /* Main.storyboard in Resources */,
			);
			runOnlyForDeploymentPostprocessing = 0;
		};
/* End PBXResourcesBuildPhase section */

/* Begin PBXSourcesBuildPhase section */
		8537FB961C0D402C009C549A /* Sources */ = {
			isa = PBXSourcesBuildPhase;
			buildActionMask = 2147483647;
			files = (
				8537FBA51C0D402C009C549A /* ViewController.m in Sources */,
				8537FBA21C0D402C009C549A /* AppDelegate.m in Sources */,
				8537FB9F1C0D402C009C549A /* main.m in Sources */,
			);
			runOnlyForDeploymentPostprocessing = 0;
		};
/* End PBXSourcesBuildPhase section */

/* Begin PBXVariantGroup section */
		8537FBA61C0D402C009C549A /* Main.storyboard */ = {
			isa = PBXVariantGroup;
			children = (
				8537FBA71C0D402C009C549A /* Base */,
			);
			name = Main.storyboard;
			sourceTree = "<group>";
		};
		8537FBAB1C0D402C009C549A /* LaunchScreen.storyboard */ = {
			isa = PBXVariantGroup;
			children = (
				8537FBAC1C0D402C009C549A /* Base */,
			);
			name = LaunchScreen.storyboard;
			sourceTree = "<group>";
		};
/* End PBXVariantGroup section */

/* Begin XCBuildConfiguration section */
		8537FBAF1C0D402C009C549A /* Debug */ = {
			isa = XCBuildConfiguration;
			buildSettings = {
				ALWAYS_SEARCH_USER_PATHS = NO;
				CLANG_CXX_LANGUAGE_STANDARD = "gnu++0x";
				CLANG_CXX_LIBRARY = "libc++";
				CLANG_ENABLE_MODULES = YES;
				CLANG_ENABLE_OBJC_ARC = YES;
				CLANG_WARN_BOOL_CONVERSION = YES;
				CLANG_WARN_CONSTANT_CONVERSION = YES;
				CLANG_WARN_DIRECT_OBJC_ISA_USAGE = YES_ERROR;
				CLANG_WARN_EMPTY_BODY = YES;
				CLANG_WARN_ENUM_CONVERSION = YES;
				CLANG_WARN_INT_CONVERSION = YES;
				CLANG_WARN_OBJC_ROOT_CLASS = YES_ERROR;
				CLANG_WARN_UNREACHABLE_CODE = YES;
				CLANG_WARN__DUPLICATE_METHOD_MATCH = YES;
				"CODE_SIGN_IDENTITY[sdk=iphoneos*]" = "iPhone Developer";
				COPY_PHASE_STRIP = NO;
				DEBUG_INFORMATION_FORMAT = dwarf;
				ENABLE_STRICT_OBJC_MSGSEND = YES;
				ENABLE_TESTABILITY = YES;
				GCC_C_LANGUAGE_STANDARD = gnu99;
				GCC_DYNAMIC_NO_PIC = NO;
				GCC_NO_COMMON_BLOCKS = YES;
				GCC_OPTIMIZATION_LEVEL = 0;
				GCC_PREPROCESSOR_DEFINITIONS = (
					"DEBUG=1",
					"$(inherited)",
				);
				GCC_WARN_64_TO_32_BIT_CONVERSION = YES;
				GCC_WARN_ABOUT_RETURN_TYPE = YES_ERROR;
				GCC_WARN_UNDECLARED_SELECTOR = YES;
				GCC_WARN_UNINITIALIZED_AUTOS = YES_AGGRESSIVE;
				GCC_WARN_UNUSED_FUNCTION = YES;
				GCC_WARN_UNUSED_VARIABLE = YES;
				IPHONEOS_DEPLOYMENT_TARGET = 9.1;
				MTL_ENABLE_DEBUG_INFO = YES;
				ONLY_ACTIVE_ARCH = YES;
				SDKROOT = iphoneos;
			};
			name = Debug;
		};
		8537FBB01C0D402C009C549A /* Release */ = {
			isa = XCBuildConfiguration;
			buildSettings = {
				ALWAYS_SEARCH_USER_PATHS = NO;
				CLANG_CXX_LANGUAGE_STANDARD = "gnu++0x";
				CLANG_CXX_LIBRARY = "libc++";
				CLANG_ENABLE_MODULES = YES;
				CLANG_ENABLE_OBJC_ARC = YES;
				CLANG_WARN_BOOL_CONVERSION = YES;
				CLANG_WARN_CONSTANT_CONVERSION = YES;
				CLANG_WARN_DIRECT_OBJC_ISA_USAGE = YES_ERROR;
				CLANG_WARN_EMPTY_BODY = YES;
				CLANG_WARN_ENUM_CONVERSION = YES;
				CLANG_WARN_INT_CONVERSION = YES;
				CLANG_WARN_OBJC_ROOT_CLASS = YES_ERROR;
				CLANG_WARN_UNREACHABLE_CODE = YES;
				CLANG_WARN__DUPLICATE_METHOD_MATCH = YES;
				"CODE_SIGN_IDENTITY[sdk=iphoneos*]" = "iPhone Developer";
				COPY_PHASE_STRIP = NO;
				DEBUG_INFORMATION_FORMAT = "dwarf-with-dsym";
				ENABLE_NS_ASSERTIONS = NO;
				ENABLE_STRICT_OBJC_MSGSEND = YES;
				GCC_C_LANGUAGE_STANDARD = gnu99;
				GCC_NO_COMMON_BLOCKS = YES;
				GCC_WARN_64_TO_32_BIT_CONVERSION = YES;
				GCC_WARN_ABOUT_RETURN_TYPE = YES_ERROR;
				GCC_WARN_UNDECLARED_SELECTOR = YES;
				GCC_WARN_UNINITIALIZED_AUTOS = YES_AGGRESSIVE;
				GCC_WARN_UNUSED_FUNCTION = YES;
				GCC_WARN_UNUSED_VARIABLE = YES;
				IPHONEOS_DEPLOYMENT_TARGET = 9.1;
				MTL_ENABLE_DEBUG_INFO = NO;
				SDKROOT = iphoneos;
				VALIDATE_PRODUCT = YES;
			};
			name = Release;
		};
		8537FBB21C0D402C009C549A /* Debug */ = {
			isa = XCBuildConfiguration;
			buildSettings = {
				ASSETCATALOG_COMPILER_APPICON_NAME = AppIcon;
				INFOPLIST_FILE = TEST/Info.plist;
				LD_RUNPATH_SEARCH_PATHS = "$(inherited) @executable_path/Frameworks";
				PRODUCT_BUNDLE_IDENTIFIER = com.tarena.TEST;
				PRODUCT_NAME = "$(TARGET_NAME)";
			};
			name = Debug;
		};
		8537FBB31C0D402C009C549A /* Release */ = {
			isa = XCBuildConfiguration;
			buildSettings = {
				ASSETCATALOG_COMPILER_APPICON_NAME = AppIcon;
				INFOPLIST_FILE = TEST/Info.plist;
				LD_RUNPATH_SEARCH_PATHS = "$(inherited) @executable_path/Frameworks";
				PRODUCT_BUNDLE_IDENTIFIER = com.tarena.TEST;
				PRODUCT_NAME = "$(TARGET_NAME)";
			};
			name = Release;
		};
/* End XCBuildConfiguration section */

/* Begin XCConfigurationList section */
		8537FB951C0D402C009C549A /* Build configuration list for PBXProject "TEST" */ = {
			isa = XCConfigurationList;
			buildConfigurations = (
				8537FBAF1C0D402C009C549A /* Debug */,
				8537FBB01C0D402C009C549A /* Release */,
			);
			defaultConfigurationIsVisible = 0;
			defaultConfigurationName = Release;
		};
		8537FBB11C0D402C009C549A /* Build configuration list for PBXNativeTarget "TEST" */ = {
			isa = XCConfigurationList;
			buildConfigurations = (
				8537FBB21C0D402C009C549A /* Debug */,
				8537FBB31C0D402C009C549A /* Release */,
			);
			defaultConfigurationIsVisible = 0;
		};
/* End XCConfigurationList section */
	};
	rootObject = 8537FB921C0D402C009C549A /* Project object */;
}
